# This file is automatically @generated by Cargo.
# It is not intended for manual editing.
version = 4

[[package]]
name = "daglight-protocol-block"
version = "0.1.0"

[[package]]
name = "daglight-protocol-block-perception"
version = "0.1.0"
dependencies = [
 "daglight-protocol-block",
 "daglight-protocol-parameters",
 "daglight-protocol-topology",
]

[[package]]
name = "daglight-protocol-dag"
version = "0.1.0"
dependencies = [
 "daglight-protocol-block",
 "daglight-protocol-block-perception",
 "daglight-protocol-topology",
]

[[package]]
name = "daglight-protocol-node"
version = "0.1.0"
dependencies = [
 "daglight-protocol-block",
 "daglight-protocol-block-perception",
 "daglight-protocol-dag",
 "daglight-protocol-parameters",
 "daglight-protocol-store",
 "daglight-protocol-topology",
]

[[package]]
name = "daglight-protocol-parameters"
version = "0.1.0"

[[package]]
name = "daglight-protocol-store"
version = "0.1.0"
dependencies = [
 "daglight-protocol-block",
 "daglight-protocol-block-perception",
 "daglight-protocol-dag",
 "daglight-protocol-parameters",
 "daglight-protocol-topology",
]

[[package]]
name = "daglight-protocol-topology"
version = "0.1.0"
dependencies = [
 "daglight-protocol-block",
]

[[package]]
name = "daglight-simulation-attacker"
version = "0.1.0"
dependencies = [
 "daglight-protocol-block",
 "daglight-protocol-block-perception",
 "daglight-protocol-dag",
 "daglight-protocol-node",
 "daglight-protocol-topology",
 "daglight-simulation-config",
]

[[package]]
name = "daglight-simulation-config"
version = "0.1.0"
dependencies = [
 "daglight-protocol-block-perception",
 "daglight-protocol-node",
 "daglight-protocol-parameters",
 "daglight-protocol-store",
]

[[package]]
name = "daglight-simulation-history"
version = "0.1.0"
dependencies = [
 "daglight-protocol-dag",
 "daglight-protocol-topology",
]

[[package]]
name = "daglight-simulation-metrics"
version = "0.1.0"
dependencies = [
 "daglight-protocol-block-perception",
 "daglight-protocol-dag",
 "daglight-protocol-node",
 "daglight-simulation-config",
 "daglight-simulation-history",
 "daglight-simulation-network",
]

[[package]]
name = "daglight-simulation-network"
version = "0.1.0"
dependencies = [
 "daglight-protocol-block",
 "daglight-protocol-block-perception",
 "daglight-protocol-dag",
 "daglight-protocol-node",
 "daglight-protocol-store",
 "daglight-protocol-topology",
 "daglight-simulation-attacker",
 "daglight-simulation-config",
 "daglight-simulation-history",
]

[[package]]
name = "daglight-visualisation-recorder"
version = "0.1.0"
dependencies = [
 "daglight-protocol-block",
 "daglight-protocol-block-perception",
 "daglight-protocol-dag",
 "daglight-protocol-node",
 "daglight-protocol-store",
 "daglight-protocol-topology",
 "daglight-simulation-config",
 "daglight-simulation-network",
]
